
Microsoft Visual Studio Solution File, Format Version 12.00
Project("{FAE04EC0-301F-11D3-BF4B-00C04F79EFBC}") = "TinyCompilerForTinyBasic", "TinyCompilerForTinyBasic\TinyCompilerForTinyBasic.csproj", "{5CEF0300-E103-4834-B0BD-0C9384106585}"
EndProject
Project("{FAE04EC0-301F-11D3-BF4B-00C04F79EFBC}") = "TinyCompilerForTinyBasic.Tests", "TinyCompilerForTinyBasic.Tests\TinyCompilerForTinyBasic.Tests.csproj", "{E82B709E-B450-4D0F-9BF8-CBA24CF310A3}"
EndProject
Global
	GlobalSection(SolutionConfigurationPlatforms) = preSolution
		Debug|Any CPU = Debug|Any CPU
		Release|Any CPU = Release|Any CPU
	EndGlobalSection
	GlobalSection(ProjectConfigurationPlatforms) = postSolution
		{5CEF0300-E103-4834-B0BD-0C9384106585}.Debug|Any CPU.ActiveCfg = Debug|Any CPU
		{5CEF0300-E103-4834-B0BD-0C9384106585}.Debug|Any CPU.Build.0 = Debug|Any CPU
		{5CEF0300-E103-4834-B0BD-0C9384106585}.Release|Any CPU.ActiveCfg = Release|Any CPU
		{5CEF0300-E103-4834-B0BD-0C9384106585}.Release|Any CPU.Build.0 = Release|Any CPU
		{E82B709E-B450-4D0F-9BF8-CBA24CF310A3}.Debug|Any CPU.ActiveCfg = Debug|Any CPU
		{E82B709E-B450-4D0F-9BF8-CBA24CF310A3}.Debug|Any CPU.Build.0 = Debug|Any CPU
		{E82B709E-B450-4D0F-9BF8-CBA24CF310A3}.Release|Any CPU.ActiveCfg = Release|Any CPU
		{E82B709E-B450-4D0F-9BF8-CBA24CF310A3}.Release|Any CPU.Build.0 = Release|Any CPU
	EndGlobalSection
EndGlobal
